# THIS IS AN AUTOGENERATED FILE. DO NOT EDIT THIS FILE DIRECTLY.
# yarn lockfile v1


create-next-app@^15.1.7:
  version "15.1.7"
  resolved "https://registry.yarnpkg.com/create-next-app/-/create-next-app-15.1.7.tgz#7f7c2c218431f663410c12b72a40ee1aef394bb0"
  integrity sha512-FrzDVbn4gv/pM6b8xUxLWzECve7JgqxJhJIMEzeV9ig79Of6JGjkGDtLNYCrapTJ7IuZt441LkxMck3MF5DzCQ==
